
Microsoft Visual Studio Solution File, Format Version 12.00
# Visual Studio Version 17
VisualStudioVersion = 17.2.32616.157
MinimumVisualStudioVersion = 10.0.40219.1
Project("{FAE04EC0-301F-11D3-BF4B-00C04F79EFBC}") = "c sharp application", "c sharp application\c sharp application.csproj", "{A76CF9A1-05F1-4D47-8328-7C28DC432DF1}"
EndProject
Global
	GlobalSection(SolutionConfigurationPlatforms) = preSolution
		Debug|Any CPU = Debug|Any CPU
		Release|Any CPU = Release|Any CPU
	EndGlobalSection
	GlobalSection(ProjectConfigurationPlatforms) = postSolution
		{A76CF9A1-05F1-4D47-8328-7C28DC432DF1}.Debug|Any CPU.ActiveCfg = Debug|Any CPU
		{A76CF9A1-05F1-4D47-8328-7C28DC432DF1}.Debug|Any CPU.Build.0 = Debug|Any CPU
		{A76CF9A1-05F1-4D47-8328-7C28DC432DF1}.Release|Any CPU.ActiveCfg = Release|Any CPU
		{A76CF9A1-05F1-4D47-8328-7C28DC432DF1}.Release|Any CPU.Build.0 = Release|Any CPU
	EndGlobalSection
	GlobalSection(SolutionProperties) = preSolution
		HideSolutionNode = FALSE
	EndGlobalSection
	GlobalSection(ExtensibilityGlobals) = postSolution
		SolutionGuid = {8A13471C-9C39-4D64-B388-3E8A29702055}
	EndGlobalSection
EndGlobal
